
Microsoft Visual Studio Solution File, Format Version 12.00
# Visual Studio Version 17
VisualStudioVersion = 17.5.002.0
MinimumVisualStudioVersion = 10.0.40219.1
Project("{2150E333-8FDC-42A3-9474-1A3956D46DE8}") = "backend", "backend", "{6B2CA98D-237B-4854-B930-13891C1F1F95}"
EndProject
Project("{9A19103F-16F7-4668-BE54-9A1E7A4F7556}") = "AttendanceAPI", "backend\AttendanceAPI\AttendanceAPI.csproj", "{B4D4F243-D430-4548-873E-B97E2254C9AC}"
EndProject
Global
	GlobalSection(SolutionConfigurationPlatforms) = preSolution
		Debug|Any CPU = Debug|Any CPU
		Release|Any CPU = Release|Any CPU
	EndGlobalSection
	GlobalSection(ProjectConfigurationPlatforms) = postSolution
		{B4D4F243-D430-4548-873E-B97E2254C9AC}.Debug|Any CPU.ActiveCfg = Debug|Any CPU
		{B4D4F243-D430-4548-873E-B97E2254C9AC}.Debug|Any CPU.Build.0 = Debug|Any CPU
		{B4D4F243-D430-4548-873E-B97E2254C9AC}.Release|Any CPU.ActiveCfg = Release|Any CPU
		{B4D4F243-D430-4548-873E-B97E2254C9AC}.Release|Any CPU.Build.0 = Release|Any CPU
	EndGlobalSection
	GlobalSection(SolutionProperties) = preSolution
		HideSolutionNode = FALSE
	EndGlobalSection
	GlobalSection(NestedProjects) = preSolution
		{B4D4F243-D430-4548-873E-B97E2254C9AC} = {6B2CA98D-237B-4854-B930-13891C1F1F95}
	EndGlobalSection
	GlobalSection(ExtensibilityGlobals) = postSolution
		SolutionGuid = {643F648D-8A21-46C1-84CF-CBDA3F598F08}
	EndGlobalSection
EndGlobal
